
Microsoft Visual Studio Solution File, Format Version 12.00
# Visual Studio 15
VisualStudioVersion = 15.0.28307.1259
MinimumVisualStudioVersion = 10.0.40219.1
Project("{FAE04EC0-301F-11D3-BF4B-00C04F79EFBC}") = "Laundry000.Android", "Laundry000\Laundry000.Android\Laundry000.Android.csproj", "{827B41BB-EBFB-4B90-9333-931195884870}"
EndProject
Project("{FAE04EC0-301F-11D3-BF4B-00C04F79EFBC}") = "Laundry000.iOS", "Laundry000\Laundry000.iOS\Laundry000.iOS.csproj", "{99C630AB-3BB0-4FFD-B842-C28CB83398CC}"
EndProject
Project("{FAE04EC0-301F-11D3-BF4B-00C04F79EFBC}") = "Laundry000.UWP", "Laundry000\Laundry000.UWP\Laundry000.UWP.csproj", "{8644AD41-6CAB-4EED-9BEF-6DF7E9CAECC5}"
EndProject
Project("{FAE04EC0-301F-11D3-BF4B-00C04F79EFBC}") = "Laundry000", "Laundry000\Laundry000\Laundry000.csproj", "{F861B780-7872-40D7-BC3F-789A42571837}"
EndProject
Global
	GlobalSection(SolutionConfigurationPlatforms) = preSolution
		Ad-Hoc|Any CPU = Ad-Hoc|Any CPU
		Ad-Hoc|ARM = Ad-Hoc|ARM
		Ad-Hoc|iPhone = Ad-Hoc|iPhone
		Ad-Hoc|iPhoneSimulator = Ad-Hoc|iPhoneSimulator
		Ad-Hoc|x64 = Ad-Hoc|x64
		Ad-Hoc|x86 = Ad-Hoc|x86
		AppStore|Any CPU = AppStore|Any CPU
		AppStore|ARM = AppStore|ARM
		AppStore|iPhone = AppStore|iPhone
		AppStore|iPhoneSimulator = AppStore|iPhoneSimulator
		AppStore|x64 = AppStore|x64
		AppStore|x86 = AppStore|x86
		Debug|Any CPU = Debug|Any CPU
		Debug|ARM = Debug|ARM
		Debug|iPhone = Debug|iPhone
		Debug|iPhoneSimulator = Debug|iPhoneSimulator
		Debug|x64 = Debug|x64
		Debug|x86 = Debug|x86
		Release|Any CPU = Release|Any CPU
		Release|ARM = Release|ARM
		Release|iPhone = Release|iPhone
		Release|iPhoneSimulator = Release|iPhoneSimulator
		Release|x64 = Release|x64
		Release|x86 = Release|x86
	EndGlobalSection
	GlobalSection(ProjectConfigurationPlatforms) = postSolution
		{827B41BB-EBFB-4B90-9333-931195884870}.Ad-Hoc|Any CPU.ActiveCfg = Release|Any CPU
		{827B41BB-EBFB-4B90-9333-931195884870}.Ad-Hoc|Any CPU.Build.0 = Release|Any CPU
		{827B41BB-EBFB-4B90-9333-931195884870}.Ad-Hoc|Any CPU.Deploy.0 = Release|Any CPU
		{827B41BB-EBFB-4B90-9333-931195884870}.Ad-Hoc|ARM.ActiveCfg = Release|Any CPU
		{827B41BB-EBFB-4B90-9333-931195884870}.Ad-Hoc|ARM.Build.0 = Release|Any CPU
		{827B41BB-EBFB-4B90-9333-931195884870}.Ad-Hoc|ARM.Deploy.0 = Release|Any CPU
		{827B41BB-EBFB-4B90-9333-931195884870}.Ad-Hoc|iPhone.ActiveCfg = Release|Any CPU
		{827B41BB-EBFB-4B90-9333-931195884870}.Ad-Hoc|iPhone.Build.0 = Release|Any CPU
		{827B41BB-EBFB-4B90-9333-931195884870}.Ad-Hoc|iPhone.Deploy.0 = Release|Any CPU
		{827B41BB-EBFB-4B90-9333-931195884870}.Ad-Hoc|iPhoneSimulator.ActiveCfg = Release|Any CPU
		{827B41BB-EBFB-4B90-9333-931195884870}.Ad-Hoc|iPhoneSimulator.Build.0 = Release|Any CPU
		{827B41BB-EBFB-4B90-9333-931195884870}.Ad-Hoc|iPhoneSimulator.Deploy.0 = Release|Any CPU
		{827B41BB-EBFB-4B90-9333-931195884870}.Ad-Hoc|x64.ActiveCfg = Release|Any CPU
		{827B41BB-EBFB-4B90-9333-931195884870}.Ad-Hoc|x64.Build.0 = Release|Any CPU
		{827B41BB-EBFB-4B90-9333-931195884870}.Ad-Hoc|x64.Deploy.0 = Release|Any CPU
		{827B41BB-EBFB-4B90-9333-931195884870}.Ad-Hoc|x86.ActiveCfg = Release|Any CPU
		{827B41BB-EBFB-4B90-9333-931195884870}.Ad-Hoc|x86.Build.0 = Release|Any CPU
		{827B41BB-EBFB-4B90-9333-931195884870}.Ad-Hoc|x86.Deploy.0 = Release|Any CPU
		{827B41BB-EBFB-4B90-9333-931195884870}.AppStore|Any CPU.ActiveCfg = Release|Any CPU
		{827B41BB-EBFB-4B90-9333-931195884870}.AppStore|Any CPU.Build.0 = Release|Any CPU
		{827B41BB-EBFB-4B90-9333-931195884870}.AppStore|Any CPU.Deploy.0 = Release|Any CPU
		{827B41BB-EBFB-4B90-9333-931195884870}.AppStore|ARM.ActiveCfg = Release|Any CPU
		{827B41BB-EBFB-4B90-9333-931195884870}.AppStore|ARM.Build.0 = Release|Any CPU
		{827B41BB-EBFB-4B90-9333-931195884870}.AppStore|ARM.Deploy.0 = Release|Any CPU
		{827B41BB-EBFB-4B90-9333-931195884870}.AppStore|iPhone.ActiveCfg = Release|Any CPU
		{827B41BB-EBFB-4B90-9333-931195884870}.AppStore|iPhone.Build.0 = Release|Any CPU
		{827B41BB-EBFB-4B90-9333-931195884870}.AppStore|iPhone.Deploy.0 = Release|Any CPU
		{827B41BB-EBFB-4B90-9333-931195884870}.AppStore|iPhoneSimulator.ActiveCfg = Release|Any CPU
		{827B41BB-EBFB-4B90-9333-931195884870}.AppStore|iPhoneSimulator.Build.0 = Release|Any CPU
		{827B41BB-EBFB-4B90-9333-931195884870}.AppStore|iPhoneSimulator.Deploy.0 = Release|Any CPU
		{827B41BB-EBFB-4B90-9333-931195884870}.AppStore|x64.ActiveCfg = Release|Any CPU
		{827B41BB-EBFB-4B90-9333-931195884870}.AppStore|x64.Build.0 = Release|Any CPU
		{827B41BB-EBFB-4B90-9333-931195884870}.AppStore|x64.Deploy.0 = Release|Any CPU
		{827B41BB-EBFB-4B90-9333-931195884870}.AppStore|x86.ActiveCfg = Release|Any CPU
		{827B41BB-EBFB-4B90-9333-931195884870}.AppStore|x86.Build.0 = Release|Any CPU
		{827B41BB-EBFB-4B90-9333-931195884870}.AppStore|x86.Deploy.0 = Release|Any CPU
		{827B41BB-EBFB-4B90-9333-931195884870}.Debug|Any CPU.ActiveCfg = Debug|Any CPU
		{827B41BB-EBFB-4B90-9333-931195884870}.Debug|Any CPU.Build.0 = Debug|Any CPU
		{827B41BB-EBFB-4B90-9333-931195884870}.Debug|Any CPU.Deploy.0 = Debug|Any CPU
		{827B41BB-EBFB-4B90-9333-931195884870}.Debug|ARM.ActiveCfg = Debug|Any CPU
		{827B41BB-EBFB-4B90-9333-931195884870}.Debug|ARM.Build.0 = Debug|Any CPU
		{827B41BB-EBFB-4B90-9333-931195884870}.Debug|ARM.Deploy.0 = Debug|Any CPU
		{827B41BB-EBFB-4B90-9333-931195884870}.Debug|iPhone.ActiveCfg = Debug|Any CPU
		{827B41BB-EBFB-4B90-9333-931195884870}.Debug|iPhone.Build.0 = Debug|Any CPU
		{827B41BB-EBFB-4B90-9333-931195884870}.Debug|iPhone.Deploy.0 = Debug|Any CPU
		{827B41BB-EBFB-4B90-9333-931195884870}.Debug|iPhoneSimulator.ActiveCfg = Debug|Any CPU
		{827B41BB-EBFB-4B90-9333-931195884870}.Debug|iPhoneSimulator.Build.0 = Debug|Any CPU
		{827B41BB-EBFB-4B90-9333-931195884870}.Debug|iPhoneSimulator.Deploy.0 = Debug|Any CPU
		{827B41BB-EBFB-4B90-9333-931195884870}.Debug|x64.ActiveCfg = Debug|Any CPU
		{827B41BB-EBFB-4B90-9333-931195884870}.Debug|x64.Build.0 = Debug|Any CPU
		{827B41BB-EBFB-4B90-9333-931195884870}.Debug|x64.Deploy.0 = Debug|Any CPU
		{827B41BB-EBFB-4B90-9333-931195884870}.Debug|x86.ActiveCfg = Debug|Any CPU
		{827B41BB-EBFB-4B90-9333-931195884870}.Debug|x86.Build.0 = Debug|Any CPU
		{827B41BB-EBFB-4B90-9333-931195884870}.Debug|x86.Deploy.0 = Debug|Any CPU
		{827B41BB-EBFB-4B90-9333-931195884870}.Release|Any CPU.ActiveCfg = Release|Any CPU
		{827B41BB-EBFB-4B90-9333-931195884870}.Release|Any CPU.Build.0 = Release|Any CPU
		{827B41BB-EBFB-4B90-9333-931195884870}.Release|Any CPU.Deploy.0 = Release|Any CPU
		{827B41BB-EBFB-4B90-9333-931195884870}.Release|ARM.ActiveCfg = Release|Any CPU
		{827B41BB-EBFB-4B90-9333-931195884870}.Release|ARM.Build.0 = Release|Any CPU
		{827B41BB-EBFB-4B90-9333-931195884870}.Release|ARM.Deploy.0 = Release|Any CPU
		{827B41BB-EBFB-4B90-9333-931195884870}.Release|iPhone.ActiveCfg = Release|Any CPU
		{827B41BB-EBFB-4B90-9333-931195884870}.Release|iPhone.Build.0 = Release|Any CPU
		{827B41BB-EBFB-4B90-9333-931195884870}.Release|iPhone.Deploy.0 = Release|Any CPU
		{827B41BB-EBFB-4B90-9333-931195884870}.Release|iPhoneSimulator.ActiveCfg = Release|Any CPU
		{827B41BB-EBFB-4B90-9333-931195884870}.Release|iPhoneSimulator.Build.0 = Release|Any CPU
		{827B41BB-EBFB-4B90-9333-931195884870}.Release|iPhoneSimulator.Deploy.0 = Release|Any CPU
		{827B41BB-EBFB-4B90-9333-931195884870}.Release|x64.ActiveCfg = Release|Any CPU
		{827B41BB-EBFB-4B90-9333-931195884870}.Release|x64.Build.0 = Release|Any CPU
		{827B41BB-EBFB-4B90-9333-931195884870}.Release|x64.Deploy.0 = Release|Any CPU
		{827B41BB-EBFB-4B90-9333-931195884870}.Release|x86.ActiveCfg = Release|Any CPU
		{827B41BB-EBFB-4B90-9333-931195884870}.Release|x86.Build.0 = Release|Any CPU
		{827B41BB-EBFB-4B90-9333-931195884870}.Release|x86.Deploy.0 = Release|Any CPU
		{99C630AB-3BB0-4FFD-B842-C28CB83398CC}.Ad-Hoc|Any CPU.ActiveCfg = Ad-Hoc|iPhone
		{99C630AB-3BB0-4FFD-B842-C28CB83398CC}.Ad-Hoc|Any CPU.Build.0 = Ad-Hoc|iPhone
		{99C630AB-3BB0-4FFD-B842-C28CB83398CC}.Ad-Hoc|Any CPU.Deploy.0 = Ad-Hoc|iPhone
		{99C630AB-3BB0-4FFD-B842-C28CB83398CC}.Ad-Hoc|ARM.ActiveCfg = Ad-Hoc|iPhone
		{99C630AB-3BB0-4FFD-B842-C28CB83398CC}.Ad-Hoc|ARM.Build.0 = Ad-Hoc|iPhone
		{99C630AB-3BB0-4FFD-B842-C28CB83398CC}.Ad-Hoc|ARM.Deploy.0 = Ad-Hoc|iPhone
		{99C630AB-3BB0-4FFD-B842-C28CB83398CC}.Ad-Hoc|iPhone.ActiveCfg = Ad-Hoc|iPhone
		{99C630AB-3BB0-4FFD-B842-C28CB83398CC}.Ad-Hoc|iPhone.Build.0 = Ad-Hoc|iPhone
		{99C630AB-3BB0-4FFD-B842-C28CB83398CC}.Ad-Hoc|iPhone.Deploy.0 = Ad-Hoc|iPhone
		{99C630AB-3BB0-4FFD-B842-C28CB83398CC}.Ad-Hoc|iPhoneSimulator.ActiveCfg = Ad-Hoc|iPhoneSimulator
		{99C630AB-3BB0-4FFD-B842-C28CB83398CC}.Ad-Hoc|iPhoneSimulator.Build.0 = Ad-Hoc|iPhoneSimulator
		{99C630AB-3BB0-4FFD-B842-C28CB83398CC}.Ad-Hoc|iPhoneSimulator.Deploy.0 = Ad-Hoc|iPhoneSimulator
		{99C630AB-3BB0-4FFD-B842-C28CB83398CC}.Ad-Hoc|x64.ActiveCfg = Ad-Hoc|iPhone
		{99C630AB-3BB0-4FFD-B842-C28CB83398CC}.Ad-Hoc|x64.Build.0 = Ad-Hoc|iPhone
		{99C630AB-3BB0-4FFD-B842-C28CB83398CC}.Ad-Hoc|x64.Deploy.0 = Ad-Hoc|iPhone
		{99C630AB-3BB0-4FFD-B842-C28CB83398CC}.Ad-Hoc|x86.ActiveCfg = Ad-Hoc|iPhone
		{99C630AB-3BB0-4FFD-B842-C28CB83398CC}.Ad-Hoc|x86.Build.0 = Ad-Hoc|iPhone
		{99C630AB-3BB0-4FFD-B842-C28CB83398CC}.Ad-Hoc|x86.Deploy.0 = Ad-Hoc|iPhone
		{99C630AB-3BB0-4FFD-B842-C28CB83398CC}.AppStore|Any CPU.ActiveCfg = AppStore|iPhone
		{99C630AB-3BB0-4FFD-B842-C28CB83398CC}.AppStore|Any CPU.Build.0 = AppStore|iPhone
		{99C630AB-3BB0-4FFD-B842-C28CB83398CC}.AppStore|Any CPU.Deploy.0 = AppStore|iPhone
		{99C630AB-3BB0-4FFD-B842-C28CB83398CC}.AppStore|ARM.ActiveCfg = AppStore|iPhone
		{99C630AB-3BB0-4FFD-B842-C28CB83398CC}.AppStore|ARM.Build.0 = AppStore|iPhone
		{99C630AB-3BB0-4FFD-B842-C28CB83398CC}.AppStore|ARM.Deploy.0 = AppStore|iPhone
		{99C630AB-3BB0-4FFD-B842-C28CB83398CC}.AppStore|iPhone.ActiveCfg = AppStore|iPhone
		{99C630AB-3BB0-4FFD-B842-C28CB83398CC}.AppStore|iPhone.Build.0 = AppStore|iPhone
		{99C630AB-3BB0-4FFD-B842-C28CB83398CC}.AppStore|iPhone.Deploy.0 = AppStore|iPhone
		{99C630AB-3BB0-4FFD-B842-C28CB83398CC}.AppStore|iPhoneSimulator.ActiveCfg = AppStore|iPhoneSimulator
		{99C630AB-3BB0-4FFD-B842-C28CB83398CC}.AppStore|iPhoneSimulator.Build.0 = AppStore|iPhoneSimulator
		{99C630AB-3BB0-4FFD-B842-C28CB83398CC}.AppStore|iPhoneSimulator.Deploy.0 = AppStore|iPhoneSimulator
		{99C630AB-3BB0-4FFD-B842-C28CB83398CC}.AppStore|x64.ActiveCfg = AppStore|iPhone
		{99C630AB-3BB0-4FFD-B842-C28CB83398CC}.AppStore|x64.Build.0 = AppStore|iPhone
		{99C630AB-3BB0-4FFD-B842-C28CB83398CC}.AppStore|x64.Deploy.0 = AppStore|iPhone
		{99C630AB-3BB0-4FFD-B842-C28CB83398CC}.AppStore|x86.ActiveCfg = AppStore|iPhone
		{99C630AB-3BB0-4FFD-B842-C28CB83398CC}.AppStore|x86.Build.0 = AppStore|iPhone
		{99C630AB-3BB0-4FFD-B842-C28CB83398CC}.AppStore|x86.Deploy.0 = AppStore|iPhone
		{99C630AB-3BB0-4FFD-B842-C28CB83398CC}.Debug|Any CPU.ActiveCfg = Debug|iPhoneSimulator
		{99C630AB-3BB0-4FFD-B842-C28CB83398CC}.Debug|Any CPU.Build.0 = Debug|iPhoneSimulator
		{99C630AB-3BB0-4FFD-B842-C28CB83398CC}.Debug|Any CPU.Deploy.0 = Debug|iPhoneSimulator
		{99C630AB-3BB0-4FFD-B842-C28CB83398CC}.Debug|ARM.ActiveCfg = Debug|iPhone
		{99C630AB-3BB0-4FFD-B842-C28CB83398CC}.Debug|ARM.Build.0 = Debug|iPhone
		{99C630AB-3BB0-4FFD-B842-C28CB83398CC}.Debug|ARM.Deploy.0 = Debug|iPhone
		{99C630AB-3BB0-4FFD-B842-C28CB83398CC}.Debug|iPhone.ActiveCfg = Debug|iPhone
		{99C630AB-3BB0-4FFD-B842-C28CB83398CC}.Debug|iPhone.Build.0 = Debug|iPhone
		{99C630AB-3BB0-4FFD-B842-C28CB83398CC}.Debug|iPhone.Deploy.0 = Debug|iPhone
		{99C630AB-3BB0-4FFD-B842-C28CB83398CC}.Debug|iPhoneSimulator.ActiveCfg = Debug|iPhoneSimulator
		{99C630AB-3BB0-4FFD-B842-C28CB83398CC}.Debug|iPhoneSimulator.Build.0 = Debug|iPhoneSimulator
		{99C630AB-3BB0-4FFD-B842-C28CB83398CC}.Debug|iPhoneSimulator.Deploy.0 = Debug|iPhoneSimulator
		{99C630AB-3BB0-4FFD-B842-C28CB83398CC}.Debug|x64.ActiveCfg = Debug|iPhone
		{99C630AB-3BB0-4FFD-B842-C28CB83398CC}.Debug|x64.Build.0 = Debug|iPhone
		{99C630AB-3BB0-4FFD-B842-C28CB83398CC}.Debug|x64.Deploy.0 = Debug|iPhone
		{99C630AB-3BB0-4FFD-B842-C28CB83398CC}.Debug|x86.ActiveCfg = Debug|iPhone
		{99C630AB-3BB0-4FFD-B842-C28CB83398CC}.Debug|x86.Build.0 = Debug|iPhone
		{99C630AB-3BB0-4FFD-B842-C28CB83398CC}.Debug|x86.Deploy.0 = Debug|iPhone
		{99C630AB-3BB0-4FFD-B842-C28CB83398CC}.Release|Any CPU.ActiveCfg = Release|iPhone
		{99C630AB-3BB0-4FFD-B842-C28CB83398CC}.Release|Any CPU.Build.0 = Release|iPhone
		{99C630AB-3BB0-4FFD-B842-C28CB83398CC}.Release|Any CPU.Deploy.0 = Release|iPhone
		{99C630AB-3BB0-4FFD-B842-C28CB83398CC}.Release|ARM.ActiveCfg = Release|iPhone
		{99C630AB-3BB0-4FFD-B842-C28CB83398CC}.Release|ARM.Build.0 = Release|iPhone
		{99C630AB-3BB0-4FFD-B842-C28CB83398CC}.Release|ARM.Deploy.0 = Release|iPhone
		{99C630AB-3BB0-4FFD-B842-C28CB83398CC}.Release|iPhone.ActiveCfg = Release|iPhone
		{99C630AB-3BB0-4FFD-B842-C28CB83398CC}.Release|iPhone.Build.0 = Release|iPhone
		{99C630AB-3BB0-4FFD-B842-C28CB83398CC}.Release|iPhone.Deploy.0 = Release|iPhone
		{99C630AB-3BB0-4FFD-B842-C28CB83398CC}.Release|iPhoneSimulator.ActiveCfg = Release|iPhoneSimulator
		{99C630AB-3BB0-4FFD-B842-C28CB83398CC}.Release|iPhoneSimulator.Build.0 = Release|iPhoneSimulator
		{99C630AB-3BB0-4FFD-B842-C28CB83398CC}.Release|iPhoneSimulator.Deploy.0 = Release|iPhoneSimulator
		{99C630AB-3BB0-4FFD-B842-C28CB83398CC}.Release|x64.ActiveCfg = Release|iPhone
		{99C630AB-3BB0-4FFD-B842-C28CB83398CC}.Release|x64.Build.0 = Release|iPhone
		{99C630AB-3BB0-4FFD-B842-C28CB83398CC}.Release|x64.Deploy.0 = Release|iPhone
		{99C630AB-3BB0-4FFD-B842-C28CB83398CC}.Release|x86.ActiveCfg = Release|iPhone
		{99C630AB-3BB0-4FFD-B842-C28CB83398CC}.Release|x86.Build.0 = Release|iPhone
		{99C630AB-3BB0-4FFD-B842-C28CB83398CC}.Release|x86.Deploy.0 = Release|iPhone
		{8644AD41-6CAB-4EED-9BEF-6DF7E9CAECC5}.Ad-Hoc|Any CPU.ActiveCfg = Release|x86
		{8644AD41-6CAB-4EED-9BEF-6DF7E9CAECC5}.Ad-Hoc|Any CPU.Build.0 = Release|x86
		{8644AD41-6CAB-4EED-9BEF-6DF7E9CAECC5}.Ad-Hoc|Any CPU.Deploy.0 = Release|x86
		{8644AD41-6CAB-4EED-9BEF-6DF7E9CAECC5}.Ad-Hoc|ARM.ActiveCfg = Release|ARM
		{8644AD41-6CAB-4EED-9BEF-6DF7E9CAECC5}.Ad-Hoc|ARM.Build.0 = Release|ARM
		{8644AD41-6CAB-4EED-9BEF-6DF7E9CAECC5}.Ad-Hoc|ARM.Deploy.0 = Release|ARM
		{8644AD41-6CAB-4EED-9BEF-6DF7E9CAECC5}.Ad-Hoc|iPhone.ActiveCfg = Release|x86
		{8644AD41-6CAB-4EED-9BEF-6DF7E9CAECC5}.Ad-Hoc|iPhone.Build.0 = Release|x86
		{8644AD41-6CAB-4EED-9BEF-6DF7E9CAECC5}.Ad-Hoc|iPhone.Deploy.0 = Release|x86
		{8644AD41-6CAB-4EED-9BEF-6DF7E9CAECC5}.Ad-Hoc|iPhoneSimulator.ActiveCfg = Release|x86
		{8644AD41-6CAB-4EED-9BEF-6DF7E9CAECC5}.Ad-Hoc|iPhoneSimulator.Build.0 = Release|x86
		{8644AD41-6CAB-4EED-9BEF-6DF7E9CAECC5}.Ad-Hoc|iPhoneSimulator.Deploy.0 = Release|x86
		{8644AD41-6CAB-4EED-9BEF-6DF7E9CAECC5}.Ad-Hoc|x64.ActiveCfg = Release|x64
		{8644AD41-6CAB-4EED-9BEF-6DF7E9CAECC5}.Ad-Hoc|x64.Build.0 = Release|x64
		{8644AD41-6CAB-4EED-9BEF-6DF7E9CAECC5}.Ad-Hoc|x64.Deploy.0 = Release|x64
		{8644AD41-6CAB-4EED-9BEF-6DF7E9CAECC5}.Ad-Hoc|x86.ActiveCfg = Release|x86
		{8644AD41-6CAB-4EED-9BEF-6DF7E9CAECC5}.Ad-Hoc|x86.Build.0 = Release|x86
		{8644AD41-6CAB-4EED-9BEF-6DF7E9CAECC5}.Ad-Hoc|x86.Deploy.0 = Release|x86
		{8644AD41-6CAB-4EED-9BEF-6DF7E9CAECC5}.AppStore|Any CPU.ActiveCfg = Release|x86
		{8644AD41-6CAB-4EED-9BEF-6DF7E9CAECC5}.AppStore|Any CPU.Build.0 = Release|x86
		{8644AD41-6CAB-4EED-9BEF-6DF7E9CAECC5}.AppStore|Any CPU.Deploy.0 = Release|x86
		{8644AD41-6CAB-4EED-9BEF-6DF7E9CAECC5}.AppStore|ARM.ActiveCfg = Release|ARM
		{8644AD41-6CAB-4EED-9BEF-6DF7E9CAECC5}.AppStore|ARM.Build.0 = Release|ARM
		{8644AD41-6CAB-4EED-9BEF-6DF7E9CAECC5}.AppStore|ARM.Deploy.0 = Release|ARM
		{8644AD41-6CAB-4EED-9BEF-6DF7E9CAECC5}.AppStore|iPhone.ActiveCfg = Release|x86
		{8644AD41-6CAB-4EED-9BEF-6DF7E9CAECC5}.AppStore|iPhone.Build.0 = Release|x86
		{8644AD41-6CAB-4EED-9BEF-6DF7E9CAECC5}.AppStore|iPhone.Deploy.0 = Release|x86
		{8644AD41-6CAB-4EED-9BEF-6DF7E9CAECC5}.AppStore|iPhoneSimulator.ActiveCfg = Release|x86
		{8644AD41-6CAB-4EED-9BEF-6DF7E9CAECC5}.AppStore|iPhoneSimulator.Build.0 = Release|x86
		{8644AD41-6CAB-4EED-9BEF-6DF7E9CAECC5}.AppStore|iPhoneSimulator.Deploy.0 = Release|x86
		{8644AD41-6CAB-4EED-9BEF-6DF7E9CAECC5}.AppStore|x64.ActiveCfg = Release|x64
		{8644AD41-6CAB-4EED-9BEF-6DF7E9CAECC5}.AppStore|x64.Build.0 = Release|x64
		{8644AD41-6CAB-4EED-9BEF-6DF7E9CAECC5}.AppStore|x64.Deploy.0 = Release|x64
		{8644AD41-6CAB-4EED-9BEF-6DF7E9CAECC5}.AppStore|x86.ActiveCfg = Release|x86
		{8644AD41-6CAB-4EED-9BEF-6DF7E9CAECC5}.AppStore|x86.Build.0 = Release|x86
		{8644AD41-6CAB-4EED-9BEF-6DF7E9CAECC5}.AppStore|x86.Deploy.0 = Release|x86
		{8644AD41-6CAB-4EED-9BEF-6DF7E9CAECC5}.Debug|Any CPU.ActiveCfg = Debug|x86
		{8644AD41-6CAB-4EED-9BEF-6DF7E9CAECC5}.Debug|Any CPU.Build.0 = Debug|x86
		{8644AD41-6CAB-4EED-9BEF-6DF7E9CAECC5}.Debug|Any CPU.Deploy.0 = Debug|x86
		{8644AD41-6CAB-4EED-9BEF-6DF7E9CAECC5}.Debug|ARM.ActiveCfg = Debug|ARM
		{8644AD41-6CAB-4EED-9BEF-6DF7E9CAECC5}.Debug|ARM.Build.0 = Debug|ARM
		{8644AD41-6CAB-4EED-9BEF-6DF7E9CAECC5}.Debug|ARM.Deploy.0 = Debug|ARM
		{8644AD41-6CAB-4EED-9BEF-6DF7E9CAECC5}.Debug|iPhone.ActiveCfg = Debug|x86
		{8644AD41-6CAB-4EED-9BEF-6DF7E9CAECC5}.Debug|iPhone.Build.0 = Debug|x86
		{8644AD41-6CAB-4EED-9BEF-6DF7E9CAECC5}.Debug|iPhone.Deploy.0 = Debug|x86
		{8644AD41-6CAB-4EED-9BEF-6DF7E9CAECC5}.Debug|iPhoneSimulator.ActiveCfg = Debug|x86
		{8644AD41-6CAB-4EED-9BEF-6DF7E9CAECC5}.Debug|iPhoneSimulator.Build.0 = Debug|x86
		{8644AD41-6CAB-4EED-9BEF-6DF7E9CAECC5}.Debug|iPhoneSimulator.Deploy.0 = Debug|x86
		{8644AD41-6CAB-4EED-9BEF-6DF7E9CAECC5}.Debug|x64.ActiveCfg = Debug|x64
		{8644AD41-6CAB-4EED-9BEF-6DF7E9CAECC5}.Debug|x64.Build.0 = Debug|x64
		{8644AD41-6CAB-4EED-9BEF-6DF7E9CAECC5}.Debug|x64.Deploy.0 = Debug|x64
		{8644AD41-6CAB-4EED-9BEF-6DF7E9CAECC5}.Debug|x86.ActiveCfg = Debug|x86
		{8644AD41-6CAB-4EED-9BEF-6DF7E9CAECC5}.Debug|x86.Build.0 = Debug|x86
		{8644AD41-6CAB-4EED-9BEF-6DF7E9CAECC5}.Debug|x86.Deploy.0 = Debug|x86
		{8644AD41-6CAB-4EED-9BEF-6DF7E9CAECC5}.Release|Any CPU.ActiveCfg = Release|x86
		{8644AD41-6CAB-4EED-9BEF-6DF7E9CAECC5}.Release|Any CPU.Build.0 = Release|x86
		{8644AD41-6CAB-4EED-9BEF-6DF7E9CAECC5}.Release|Any CPU.Deploy.0 = Release|x86
		{8644AD41-6CAB-4EED-9BEF-6DF7E9CAECC5}.Release|ARM.ActiveCfg = Release|ARM
		{8644AD41-6CAB-4EED-9BEF-6DF7E9CAECC5}.Release|ARM.Build.0 = Release|ARM
		{8644AD41-6CAB-4EED-9BEF-6DF7E9CAECC5}.Release|ARM.Deploy.0 = Release|ARM
		{8644AD41-6CAB-4EED-9BEF-6DF7E9CAECC5}.Release|iPhone.ActiveCfg = Release|x86
		{8644AD41-6CAB-4EED-9BEF-6DF7E9CAECC5}.Release|iPhone.Build.0 = Release|x86
		{8644AD41-6CAB-4EED-9BEF-6DF7E9CAECC5}.Release|iPhone.Deploy.0 = Release|x86
		{8644AD41-6CAB-4EED-9BEF-6DF7E9CAECC5}.Release|iPhoneSimulator.ActiveCfg = Release|x86
		{8644AD41-6CAB-4EED-9BEF-6DF7E9CAECC5}.Release|iPhoneSimulator.Build.0 = Release|x86
		{8644AD41-6CAB-4EED-9BEF-6DF7E9CAECC5}.Release|iPhoneSimulator.Deploy.0 = Release|x86
		{8644AD41-6CAB-4EED-9BEF-6DF7E9CAECC5}.Release|x64.ActiveCfg = Release|x64
		{8644AD41-6CAB-4EED-9BEF-6DF7E9CAECC5}.Release|x64.Build.0 = Release|x64
		{8644AD41-6CAB-4EED-9BEF-6DF7E9CAECC5}.Release|x64.Deploy.0 = Release|x64
		{8644AD41-6CAB-4EED-9BEF-6DF7E9CAECC5}.Release|x86.ActiveCfg = Release|x86
		{8644AD41-6CAB-4EED-9BEF-6DF7E9CAECC5}.Release|x86.Build.0 = Release|x86
		{8644AD41-6CAB-4EED-9BEF-6DF7E9CAECC5}.Release|x86.Deploy.0 = Release|x86
		{F861B780-7872-40D7-BC3F-789A42571837}.Ad-Hoc|Any CPU.ActiveCfg = Debug|Any CPU
		{F861B780-7872-40D7-BC3F-789A42571837}.Ad-Hoc|Any CPU.Build.0 = Debug|Any CPU
		{F861B780-7872-40D7-BC3F-789A42571837}.Ad-Hoc|Any CPU.Deploy.0 = Debug|Any CPU
		{F861B780-7872-40D7-BC3F-789A42571837}.Ad-Hoc|ARM.ActiveCfg = Debug|Any CPU
		{F861B780-7872-40D7-BC3F-789A42571837}.Ad-Hoc|ARM.Build.0 = Debug|Any CPU
		{F861B780-7872-40D7-BC3F-789A42571837}.Ad-Hoc|ARM.Deploy.0 = Debug|Any CPU
		{F861B780-7872-40D7-BC3F-789A42571837}.Ad-Hoc|iPhone.ActiveCfg = Debug|Any CPU
		{F861B780-7872-40D7-BC3F-789A42571837}.Ad-Hoc|iPhone.Build.0 = Debug|Any CPU
		{F861B780-7872-40D7-BC3F-789A42571837}.Ad-Hoc|iPhone.Deploy.0 = Debug|Any CPU
		{F861B780-7872-40D7-BC3F-789A42571837}.Ad-Hoc|iPhoneSimulator.ActiveCfg = Debug|Any CPU
		{F861B780-7872-40D7-BC3F-789A42571837}.Ad-Hoc|iPhoneSimulator.Build.0 = Debug|Any CPU
		{F861B780-7872-40D7-BC3F-789A42571837}.Ad-Hoc|iPhoneSimulator.Deploy.0 = Debug|Any CPU
		{F861B780-7872-40D7-BC3F-789A42571837}.Ad-Hoc|x64.ActiveCfg = Debug|Any CPU
		{F861B780-7872-40D7-BC3F-789A42571837}.Ad-Hoc|x64.Build.0 = Debug|Any CPU
		{F861B780-7872-40D7-BC3F-789A42571837}.Ad-Hoc|x64.Deploy.0 = Debug|Any CPU
		{F861B780-7872-40D7-BC3F-789A42571837}.Ad-Hoc|x86.ActiveCfg = Debug|Any CPU
		{F861B780-7872-40D7-BC3F-789A42571837}.Ad-Hoc|x86.Build.0 = Debug|Any CPU
		{F861B780-7872-40D7-BC3F-789A42571837}.Ad-Hoc|x86.Deploy.0 = Debug|Any CPU
		{F861B780-7872-40D7-BC3F-789A42571837}.AppStore|Any CPU.ActiveCfg = Debug|Any CPU
		{F861B780-7872-40D7-BC3F-789A42571837}.AppStore|Any CPU.Build.0 = Debug|Any CPU
		{F861B780-7872-40D7-BC3F-789A42571837}.AppStore|Any CPU.Deploy.0 = Debug|Any CPU
		{F861B780-7872-40D7-BC3F-789A42571837}.AppStore|ARM.ActiveCfg = Debug|Any CPU
		{F861B780-7872-40D7-BC3F-789A42571837}.AppStore|ARM.Build.0 = Debug|Any CPU
		{F861B780-7872-40D7-BC3F-789A42571837}.AppStore|ARM.Deploy.0 = Debug|Any CPU
		{F861B780-7872-40D7-BC3F-789A42571837}.AppStore|iPhone.ActiveCfg = Debug|Any CPU
		{F861B780-7872-40D7-BC3F-789A42571837}.AppStore|iPhone.Build.0 = Debug|Any CPU
		{F861B780-7872-40D7-BC3F-789A42571837}.AppStore|iPhone.Deploy.0 = Debug|Any CPU
		{F861B780-7872-40D7-BC3F-789A42571837}.AppStore|iPhoneSimulator.ActiveCfg = Debug|Any CPU
		{F861B780-7872-40D7-BC3F-789A42571837}.AppStore|iPhoneSimulator.Build.0 = Debug|Any CPU
		{F861B780-7872-40D7-BC3F-789A42571837}.AppStore|iPhoneSimulator.Deploy.0 = Debug|Any CPU
		{F861B780-7872-40D7-BC3F-789A42571837}.AppStore|x64.ActiveCfg = Debug|Any CPU
		{F861B780-7872-40D7-BC3F-789A42571837}.AppStore|x64.Build.0 = Debug|Any CPU
		{F861B780-7872-40D7-BC3F-789A42571837}.AppStore|x64.Deploy.0 = Debug|Any CPU
		{F861B780-7872-40D7-BC3F-789A42571837}.AppStore|x86.ActiveCfg = Debug|Any CPU
		{F861B780-7872-40D7-BC3F-789A42571837}.AppStore|x86.Build.0 = Debug|Any CPU
		{F861B780-7872-40D7-BC3F-789A42571837}.AppStore|x86.Deploy.0 = Debug|Any CPU
		{F861B780-7872-40D7-BC3F-789A42571837}.Debug|Any CPU.ActiveCfg = Debug|Any CPU
		{F861B780-7872-40D7-BC3F-789A42571837}.Debug|Any CPU.Build.0 = Debug|Any CPU
		{F861B780-7872-40D7-BC3F-789A42571837}.Debug|Any CPU.Deploy.0 = Debug|Any CPU
		{F861B780-7872-40D7-BC3F-789A42571837}.Debug|ARM.ActiveCfg = Debug|Any CPU
		{F861B780-7872-40D7-BC3F-789A42571837}.Debug|ARM.Build.0 = Debug|Any CPU
		{F861B780-7872-40D7-BC3F-789A42571837}.Debug|ARM.Deploy.0 = Debug|Any CPU
		{F861B780-7872-40D7-BC3F-789A42571837}.Debug|iPhone.ActiveCfg = Debug|Any CPU
		{F861B780-7872-40D7-BC3F-789A42571837}.Debug|iPhone.Build.0 = Debug|Any CPU
		{F861B780-7872-40D7-BC3F-789A42571837}.Debug|iPhone.Deploy.0 = Debug|Any CPU
		{F861B780-7872-40D7-BC3F-789A42571837}.Debug|iPhoneSimulator.ActiveCfg = Debug|Any CPU
		{F861B780-7872-40D7-BC3F-789A42571837}.Debug|iPhoneSimulator.Build.0 = Debug|Any CPU
		{F861B780-7872-40D7-BC3F-789A42571837}.Debug|iPhoneSimulator.Deploy.0 = Debug|Any CPU
		{F861B780-7872-40D7-BC3F-789A42571837}.Debug|x64.ActiveCfg = Debug|Any CPU
		{F861B780-7872-40D7-BC3F-789A42571837}.Debug|x64.Build.0 = Debug|Any CPU
		{F861B780-7872-40D7-BC3F-789A42571837}.Debug|x64.Deploy.0 = Debug|Any CPU
		{F861B780-7872-40D7-BC3F-789A42571837}.Debug|x86.ActiveCfg = Debug|Any CPU
		{F861B780-7872-40D7-BC3F-789A42571837}.Debug|x86.Build.0 = Debug|Any CPU
		{F861B780-7872-40D7-BC3F-789A42571837}.Debug|x86.Deploy.0 = Debug|Any CPU
		{F861B780-7872-40D7-BC3F-789A42571837}.Release|Any CPU.ActiveCfg = Release|Any CPU
		{F861B780-7872-40D7-BC3F-789A42571837}.Release|Any CPU.Build.0 = Release|Any CPU
		{F861B780-7872-40D7-BC3F-789A42571837}.Release|Any CPU.Deploy.0 = Release|Any CPU
		{F861B780-7872-40D7-BC3F-789A42571837}.Release|ARM.ActiveCfg = Release|Any CPU
		{F861B780-7872-40D7-BC3F-789A42571837}.Release|ARM.Build.0 = Release|Any CPU
		{F861B780-7872-40D7-BC3F-789A42571837}.Release|ARM.Deploy.0 = Release|Any CPU
		{F861B780-7872-40D7-BC3F-789A42571837}.Release|iPhone.ActiveCfg = Release|Any CPU
		{F861B780-7872-40D7-BC3F-789A42571837}.Release|iPhone.Build.0 = Release|Any CPU
		{F861B780-7872-40D7-BC3F-789A42571837}.Release|iPhone.Deploy.0 = Release|Any CPU
		{F861B780-7872-40D7-BC3F-789A42571837}.Release|iPhoneSimulator.ActiveCfg = Release|Any CPU
		{F861B780-7872-40D7-BC3F-789A42571837}.Release|iPhoneSimulator.Build.0 = Release|Any CPU
		{F861B780-7872-40D7-BC3F-789A42571837}.Release|iPhoneSimulator.Deploy.0 = Release|Any CPU
		{F861B780-7872-40D7-BC3F-789A42571837}.Release|x64.ActiveCfg = Release|Any CPU
		{F861B780-7872-40D7-BC3F-789A42571837}.Release|x64.Build.0 = Release|Any CPU
		{F861B780-7872-40D7-BC3F-789A42571837}.Release|x64.Deploy.0 = Release|Any CPU
		{F861B780-7872-40D7-BC3F-789A42571837}.Release|x86.ActiveCfg = Release|Any CPU
		{F861B780-7872-40D7-BC3F-789A42571837}.Release|x86.Build.0 = Release|Any CPU
		{F861B780-7872-40D7-BC3F-789A42571837}.Release|x86.Deploy.0 = Release|Any CPU
	EndGlobalSection
	GlobalSection(SolutionProperties) = preSolution
		HideSolutionNode = FALSE
	EndGlobalSection
	GlobalSection(ExtensibilityGlobals) = postSolution
		SolutionGuid = {C2903DB1-1E5D-4A83-A19D-B3B2F25C26E5}
	EndGlobalSection
EndGlobal
